
Microsoft Visual Studio Solution File, Format Version 12.00
# Visual Studio Version 17
VisualStudioVersion = 17.5.002.0
MinimumVisualStudioVersion = 10.0.40219.1
Project("{9A19103F-16F7-4668-BE54-9A1E7A4F7556}") = "QueryAddrApi", "QueryAddrApi.csproj", "{66BAA956-5F22-43E5-AE40-402225AC9EE2}"
EndProject
Global
	GlobalSection(SolutionConfigurationPlatforms) = preSolution
		Debug|Any CPU = Debug|Any CPU
		Release|Any CPU = Release|Any CPU
	EndGlobalSection
	GlobalSection(ProjectConfigurationPlatforms) = postSolution
		{66BAA956-5F22-43E5-AE40-402225AC9EE2}.Debug|Any CPU.ActiveCfg = Debug|Any CPU
		{66BAA956-5F22-43E5-AE40-402225AC9EE2}.Debug|Any CPU.Build.0 = Debug|Any CPU
		{66BAA956-5F22-43E5-AE40-402225AC9EE2}.Release|Any CPU.ActiveCfg = Release|Any CPU
		{66BAA956-5F22-43E5-AE40-402225AC9EE2}.Release|Any CPU.Build.0 = Release|Any CPU
	EndGlobalSection
	GlobalSection(SolutionProperties) = preSolution
		HideSolutionNode = FALSE
	EndGlobalSection
	GlobalSection(ExtensibilityGlobals) = postSolution
		SolutionGuid = {9FD8AD0D-9680-4939-909F-C18E428B46E7}
	EndGlobalSection
EndGlobal
